
Microsoft Visual Studio Solution File, Format Version 12.00
# Visual Studio Version 17
VisualStudioVersion = 17.9.34622.214
MinimumVisualStudioVersion = 10.0.40219.1
Project("{FAE04EC0-301F-11D3-BF4B-00C04F79EFBC}") = "Form", "WindowsFormsApp1\Form.csproj", "{1E744406-8BC9-4BF6-AD17-72901F0DEDD1}"
EndProject
Project("{9A19103F-16F7-4668-BE54-9A1E7A4F7556}") = "CsharpAPI", "CsharpAPI\CsharpAPI.csproj", "{821258CE-FDE4-402A-B4AD-AAD68AB2A8B4}"
EndProject
Project("{9A19103F-16F7-4668-BE54-9A1E7A4F7556}") = "Models", "Models\Models.csproj", "{C64F5319-C1AD-41B4-AAC3-10137FDAC784}"
EndProject
Project("{9A19103F-16F7-4668-BE54-9A1E7A4F7556}") = "StartUI", "StartUI\StartUI.csproj", "{80D819CD-9340-4525-9488-8A800ECABAEC}"
EndProject
Project("{9A19103F-16F7-4668-BE54-9A1E7A4F7556}") = "Function", "Function\Function.csproj", "{DF45C7A5-8484-46C8-BCEE-A1C3C5DD4914}"
EndProject
Project("{9A19103F-16F7-4668-BE54-9A1E7A4F7556}") = "FuncTest", "FuncTest\FuncTest.csproj", "{517DE5EB-CC26-406A-911B-ED498B2CBFE7}"
EndProject
Project("{9A19103F-16F7-4668-BE54-9A1E7A4F7556}") = "DAL", "DAL\DAL.csproj", "{C1E5F4D1-9E9A-43F0-88AE-BFF1BB83418F}"
EndProject
Project("{FAE04EC0-301F-11D3-BF4B-00C04F79EFBC}") = "ChartRender", "ChartRender\ChartRender.csproj", "{936A582D-6A58-419A-894C-461356887743}"
EndProject
Project("{FAE04EC0-301F-11D3-BF4B-00C04F79EFBC}") = "FileRender", "FileRender\FileRender.csproj", "{FF9EE21F-7447-41F4-965B-D2D86B54132E}"
EndProject
Project("{FAE04EC0-301F-11D3-BF4B-00C04F79EFBC}") = "FormFactory", "FormFactory\FormFactory.csproj", "{188D37CB-BAA8-4431-B6A5-3DDABD3C166C}"
EndProject
Project("{FAE04EC0-301F-11D3-BF4B-00C04F79EFBC}") = "DataProcessing", "DataProcessing\DataProcessing.csproj", "{5B79CD18-C945-447B-8385-4AC98707EFCF}"
EndProject
Global
	GlobalSection(SolutionConfigurationPlatforms) = preSolution
		Debug|Any CPU = Debug|Any CPU
		Release|Any CPU = Release|Any CPU
	EndGlobalSection
	GlobalSection(ProjectConfigurationPlatforms) = postSolution
		{1E744406-8BC9-4BF6-AD17-72901F0DEDD1}.Debug|Any CPU.ActiveCfg = Debug|Any CPU
		{1E744406-8BC9-4BF6-AD17-72901F0DEDD1}.Debug|Any CPU.Build.0 = Debug|Any CPU
		{1E744406-8BC9-4BF6-AD17-72901F0DEDD1}.Release|Any CPU.ActiveCfg = Release|Any CPU
		{1E744406-8BC9-4BF6-AD17-72901F0DEDD1}.Release|Any CPU.Build.0 = Release|Any CPU
		{821258CE-FDE4-402A-B4AD-AAD68AB2A8B4}.Debug|Any CPU.ActiveCfg = Debug|Any CPU
		{821258CE-FDE4-402A-B4AD-AAD68AB2A8B4}.Debug|Any CPU.Build.0 = Debug|Any CPU
		{821258CE-FDE4-402A-B4AD-AAD68AB2A8B4}.Release|Any CPU.ActiveCfg = Release|Any CPU
		{821258CE-FDE4-402A-B4AD-AAD68AB2A8B4}.Release|Any CPU.Build.0 = Release|Any CPU
		{C64F5319-C1AD-41B4-AAC3-10137FDAC784}.Debug|Any CPU.ActiveCfg = Debug|Any CPU
		{C64F5319-C1AD-41B4-AAC3-10137FDAC784}.Debug|Any CPU.Build.0 = Debug|Any CPU
		{C64F5319-C1AD-41B4-AAC3-10137FDAC784}.Release|Any CPU.ActiveCfg = Release|Any CPU
		{C64F5319-C1AD-41B4-AAC3-10137FDAC784}.Release|Any CPU.Build.0 = Release|Any CPU
		{80D819CD-9340-4525-9488-8A800ECABAEC}.Debug|Any CPU.ActiveCfg = Debug|Any CPU
		{80D819CD-9340-4525-9488-8A800ECABAEC}.Debug|Any CPU.Build.0 = Debug|Any CPU
		{80D819CD-9340-4525-9488-8A800ECABAEC}.Release|Any CPU.ActiveCfg = Release|Any CPU
		{80D819CD-9340-4525-9488-8A800ECABAEC}.Release|Any CPU.Build.0 = Release|Any CPU
		{DF45C7A5-8484-46C8-BCEE-A1C3C5DD4914}.Debug|Any CPU.ActiveCfg = Debug|Any CPU
		{DF45C7A5-8484-46C8-BCEE-A1C3C5DD4914}.Debug|Any CPU.Build.0 = Debug|Any CPU
		{DF45C7A5-8484-46C8-BCEE-A1C3C5DD4914}.Release|Any CPU.ActiveCfg = Release|Any CPU
		{DF45C7A5-8484-46C8-BCEE-A1C3C5DD4914}.Release|Any CPU.Build.0 = Release|Any CPU
		{517DE5EB-CC26-406A-911B-ED498B2CBFE7}.Debug|Any CPU.ActiveCfg = Debug|Any CPU
		{517DE5EB-CC26-406A-911B-ED498B2CBFE7}.Debug|Any CPU.Build.0 = Debug|Any CPU
		{517DE5EB-CC26-406A-911B-ED498B2CBFE7}.Release|Any CPU.ActiveCfg = Release|Any CPU
		{517DE5EB-CC26-406A-911B-ED498B2CBFE7}.Release|Any CPU.Build.0 = Release|Any CPU
		{C1E5F4D1-9E9A-43F0-88AE-BFF1BB83418F}.Debug|Any CPU.ActiveCfg = Debug|Any CPU
		{C1E5F4D1-9E9A-43F0-88AE-BFF1BB83418F}.Debug|Any CPU.Build.0 = Debug|Any CPU
		{C1E5F4D1-9E9A-43F0-88AE-BFF1BB83418F}.Release|Any CPU.ActiveCfg = Release|Any CPU
		{C1E5F4D1-9E9A-43F0-88AE-BFF1BB83418F}.Release|Any CPU.Build.0 = Release|Any CPU
		{936A582D-6A58-419A-894C-461356887743}.Debug|Any CPU.ActiveCfg = Debug|Any CPU
		{936A582D-6A58-419A-894C-461356887743}.Debug|Any CPU.Build.0 = Debug|Any CPU
		{936A582D-6A58-419A-894C-461356887743}.Release|Any CPU.ActiveCfg = Release|Any CPU
		{936A582D-6A58-419A-894C-461356887743}.Release|Any CPU.Build.0 = Release|Any CPU
		{FF9EE21F-7447-41F4-965B-D2D86B54132E}.Debug|Any CPU.ActiveCfg = Debug|Any CPU
		{FF9EE21F-7447-41F4-965B-D2D86B54132E}.Debug|Any CPU.Build.0 = Debug|Any CPU
		{FF9EE21F-7447-41F4-965B-D2D86B54132E}.Release|Any CPU.ActiveCfg = Release|Any CPU
		{FF9EE21F-7447-41F4-965B-D2D86B54132E}.Release|Any CPU.Build.0 = Release|Any CPU
		{188D37CB-BAA8-4431-B6A5-3DDABD3C166C}.Debug|Any CPU.ActiveCfg = Debug|Any CPU
		{188D37CB-BAA8-4431-B6A5-3DDABD3C166C}.Debug|Any CPU.Build.0 = Debug|Any CPU
		{188D37CB-BAA8-4431-B6A5-3DDABD3C166C}.Release|Any CPU.ActiveCfg = Release|Any CPU
		{188D37CB-BAA8-4431-B6A5-3DDABD3C166C}.Release|Any CPU.Build.0 = Release|Any CPU
		{5B79CD18-C945-447B-8385-4AC98707EFCF}.Debug|Any CPU.ActiveCfg = Debug|Any CPU
		{5B79CD18-C945-447B-8385-4AC98707EFCF}.Debug|Any CPU.Build.0 = Debug|Any CPU
		{5B79CD18-C945-447B-8385-4AC98707EFCF}.Release|Any CPU.ActiveCfg = Release|Any CPU
		{5B79CD18-C945-447B-8385-4AC98707EFCF}.Release|Any CPU.Build.0 = Release|Any CPU
	EndGlobalSection
	GlobalSection(SolutionProperties) = preSolution
		HideSolutionNode = FALSE
	EndGlobalSection
	GlobalSection(ExtensibilityGlobals) = postSolution
		SolutionGuid = {0D284BE7-3B9E-42D8-BDA4-255855F9530C}
	EndGlobalSection
EndGlobal
